# This file is automatically @generated by Cargo.
# It is not intended for manual editing.
version = 3

[[package]]
name = "ast"
version = "0.1.0"

[[package]]
name = "lex"
version = "0.1.0"
dependencies = [
 "unicode-properties",
 "unicode-xid",
]

[[package]]
name = "parse"
version = "0.1.0"

[[package]]
name = "slangc"
version = "0.1.0"

[[package]]
name = "unicode-properties"
version = "0.1.1"
source = "registry+https://github.com/rust-lang/crates.io-index"
checksum = "e4259d9d4425d9f0661581b804cb85fe66a4c631cadd8f490d1c13a35d5d9291"

[[package]]
name = "unicode-xid"
version = "0.2.4"
source = "registry+https://github.com/rust-lang/crates.io-index"
checksum = "f962df74c8c05a667b5ee8bcf162993134c104e96440b663c8daa176dc772d8c"
